
Microsoft Visual Studio Solution File, Format Version 12.00
# Visual Studio 2013
VisualStudioVersion = 12.0.40629.0
MinimumVisualStudioVersion = 10.0.40219.1
Project("{8BC9CEB8-8B4A-11D0-8D11-00A0C91BC942}") = "ARC1_Technician", "ARC1_Technician\ARC1_Technician.vcxproj", "{3DA75AE2-C230-4980-8B34-BD40610C3D93}"
EndProject
Project("{8BC9CEB8-8B4A-11D0-8D11-00A0C91BC942}") = "DSP_Communication", "DSP_Communication\DSP_Communication\DSP_Communication.vcxproj", "{B7D76603-59FD-459A-9765-0A65AC823695}"
EndProject
Project("{8BC9CEB8-8B4A-11D0-8D11-00A0C91BC942}") = "Radar_Viewer", "Radar_Viewer\Radar_Viewer\Radar_Viewer.vcxproj", "{9680E52C-9E34-49AE-B179-1DBD31CF831F}"
EndProject
Global
	GlobalSection(SolutionConfigurationPlatforms) = preSolution
		CD_ROM|ARM = CD_ROM|ARM
		CD_ROM|Mixed Platforms = CD_ROM|Mixed Platforms
		CD_ROM|Win32 = CD_ROM|Win32
		CD_ROM|x64 = CD_ROM|x64
		Debug|ARM = Debug|ARM
		Debug|Mixed Platforms = Debug|Mixed Platforms
		Debug|Win32 = Debug|Win32
		Debug|x64 = Debug|x64
		DVD-5|ARM = DVD-5|ARM
		DVD-5|Mixed Platforms = DVD-5|Mixed Platforms
		DVD-5|Win32 = DVD-5|Win32
		DVD-5|x64 = DVD-5|x64
		Release|ARM = Release|ARM
		Release|Mixed Platforms = Release|Mixed Platforms
		Release|Win32 = Release|Win32
		Release|x64 = Release|x64
		SingleImage|ARM = SingleImage|ARM
		SingleImage|Mixed Platforms = SingleImage|Mixed Platforms
		SingleImage|Win32 = SingleImage|Win32
		SingleImage|x64 = SingleImage|x64
	EndGlobalSection
	GlobalSection(ProjectConfigurationPlatforms) = postSolution
		{3DA75AE2-C230-4980-8B34-BD40610C3D93}.CD_ROM|ARM.ActiveCfg = Release|Win32
		{3DA75AE2-C230-4980-8B34-BD40610C3D93}.CD_ROM|Mixed Platforms.ActiveCfg = Debug|Win32
		{3DA75AE2-C230-4980-8B34-BD40610C3D93}.CD_ROM|Mixed Platforms.Build.0 = Debug|Win32
		{3DA75AE2-C230-4980-8B34-BD40610C3D93}.CD_ROM|Win32.ActiveCfg = Release|Win32
		{3DA75AE2-C230-4980-8B34-BD40610C3D93}.CD_ROM|Win32.Build.0 = Release|Win32
		{3DA75AE2-C230-4980-8B34-BD40610C3D93}.CD_ROM|x64.ActiveCfg = Release|x64
		{3DA75AE2-C230-4980-8B34-BD40610C3D93}.CD_ROM|x64.Build.0 = Release|x64
		{3DA75AE2-C230-4980-8B34-BD40610C3D93}.Debug|ARM.ActiveCfg = Debug|Win32
		{3DA75AE2-C230-4980-8B34-BD40610C3D93}.Debug|Mixed Platforms.ActiveCfg = Debug|Win32
		{3DA75AE2-C230-4980-8B34-BD40610C3D93}.Debug|Mixed Platforms.Build.0 = Debug|Win32
		{3DA75AE2-C230-4980-8B34-BD40610C3D93}.Debug|Win32.ActiveCfg = Debug|Win32
		{3DA75AE2-C230-4980-8B34-BD40610C3D93}.Debug|Win32.Build.0 = Debug|Win32
		{3DA75AE2-C230-4980-8B34-BD40610C3D93}.Debug|x64.ActiveCfg = Debug|x64
		{3DA75AE2-C230-4980-8B34-BD40610C3D93}.Debug|x64.Build.0 = Debug|x64
		{3DA75AE2-C230-4980-8B34-BD40610C3D93}.DVD-5|ARM.ActiveCfg = Debug|Win32
		{3DA75AE2-C230-4980-8B34-BD40610C3D93}.DVD-5|Mixed Platforms.ActiveCfg = Debug|Win32
		{3DA75AE2-C230-4980-8B34-BD40610C3D93}.DVD-5|Mixed Platforms.Build.0 = Debug|Win32
		{3DA75AE2-C230-4980-8B34-BD40610C3D93}.DVD-5|Win32.ActiveCfg = Debug|Win32
		{3DA75AE2-C230-4980-8B34-BD40610C3D93}.DVD-5|Win32.Build.0 = Debug|Win32
		{3DA75AE2-C230-4980-8B34-BD40610C3D93}.DVD-5|x64.ActiveCfg = Debug|x64
		{3DA75AE2-C230-4980-8B34-BD40610C3D93}.DVD-5|x64.Build.0 = Debug|x64
		{3DA75AE2-C230-4980-8B34-BD40610C3D93}.Release|ARM.ActiveCfg = Release|Win32
		{3DA75AE2-C230-4980-8B34-BD40610C3D93}.Release|Mixed Platforms.ActiveCfg = Release|Win32
		{3DA75AE2-C230-4980-8B34-BD40610C3D93}.Release|Mixed Platforms.Build.0 = Release|Win32
		{3DA75AE2-C230-4980-8B34-BD40610C3D93}.Release|Win32.ActiveCfg = Release|Win32
		{3DA75AE2-C230-4980-8B34-BD40610C3D93}.Release|Win32.Build.0 = Release|Win32
		{3DA75AE2-C230-4980-8B34-BD40610C3D93}.Release|x64.ActiveCfg = Release|x64
		{3DA75AE2-C230-4980-8B34-BD40610C3D93}.Release|x64.Build.0 = Release|x64
		{3DA75AE2-C230-4980-8B34-BD40610C3D93}.SingleImage|ARM.ActiveCfg = Release|Win32
		{3DA75AE2-C230-4980-8B34-BD40610C3D93}.SingleImage|Mixed Platforms.ActiveCfg = Debug|Win32
		{3DA75AE2-C230-4980-8B34-BD40610C3D93}.SingleImage|Mixed Platforms.Build.0 = Debug|Win32
		{3DA75AE2-C230-4980-8B34-BD40610C3D93}.SingleImage|Win32.ActiveCfg = Release|Win32
		{3DA75AE2-C230-4980-8B34-BD40610C3D93}.SingleImage|Win32.Build.0 = Release|Win32
		{3DA75AE2-C230-4980-8B34-BD40610C3D93}.SingleImage|x64.ActiveCfg = Release|x64
		{3DA75AE2-C230-4980-8B34-BD40610C3D93}.SingleImage|x64.Build.0 = Release|x64
		{B7D76603-59FD-459A-9765-0A65AC823695}.CD_ROM|ARM.ActiveCfg = Debug|Win32
		{B7D76603-59FD-459A-9765-0A65AC823695}.CD_ROM|Mixed Platforms.ActiveCfg = Release|Win32
		{B7D76603-59FD-459A-9765-0A65AC823695}.CD_ROM|Mixed Platforms.Build.0 = Release|Win32
		{B7D76603-59FD-459A-9765-0A65AC823695}.CD_ROM|Win32.ActiveCfg = Release|Win32
		{B7D76603-59FD-459A-9765-0A65AC823695}.CD_ROM|Win32.Build.0 = Release|Win32
		{B7D76603-59FD-459A-9765-0A65AC823695}.CD_ROM|x64.ActiveCfg = Release|x64
		{B7D76603-59FD-459A-9765-0A65AC823695}.CD_ROM|x64.Build.0 = Release|x64
		{B7D76603-59FD-459A-9765-0A65AC823695}.Debug|ARM.ActiveCfg = Debug|Win32
		{B7D76603-59FD-459A-9765-0A65AC823695}.Debug|Mixed Platforms.ActiveCfg = Debug|Win32
		{B7D76603-59FD-459A-9765-0A65AC823695}.Debug|Mixed Platforms.Build.0 = Debug|Win32
		{B7D76603-59FD-459A-9765-0A65AC823695}.Debug|Win32.ActiveCfg = Debug|Win32
		{B7D76603-59FD-459A-9765-0A65AC823695}.Debug|Win32.Build.0 = Debug|Win32
		{B7D76603-59FD-459A-9765-0A65AC823695}.Debug|x64.ActiveCfg = Debug|x64
		{B7D76603-59FD-459A-9765-0A65AC823695}.Debug|x64.Build.0 = Debug|x64
		{B7D76603-59FD-459A-9765-0A65AC823695}.DVD-5|ARM.ActiveCfg = Debug|Win32
		{B7D76603-59FD-459A-9765-0A65AC823695}.DVD-5|Mixed Platforms.ActiveCfg = Debug|Win32
		{B7D76603-59FD-459A-9765-0A65AC823695}.DVD-5|Mixed Platforms.Build.0 = Debug|Win32
		{B7D76603-59FD-459A-9765-0A65AC823695}.DVD-5|Win32.ActiveCfg = Debug|Win32
		{B7D76603-59FD-459A-9765-0A65AC823695}.DVD-5|Win32.Build.0 = Debug|Win32
		{B7D76603-59FD-459A-9765-0A65AC823695}.DVD-5|x64.ActiveCfg = Debug|x64
		{B7D76603-59FD-459A-9765-0A65AC823695}.DVD-5|x64.Build.0 = Debug|x64
		{B7D76603-59FD-459A-9765-0A65AC823695}.Release|ARM.ActiveCfg = Release|Win32
		{B7D76603-59FD-459A-9765-0A65AC823695}.Release|Mixed Platforms.ActiveCfg = Release|Win32
		{B7D76603-59FD-459A-9765-0A65AC823695}.Release|Mixed Platforms.Build.0 = Release|Win32
		{B7D76603-59FD-459A-9765-0A65AC823695}.Release|Win32.ActiveCfg = Release|Win32
		{B7D76603-59FD-459A-9765-0A65AC823695}.Release|Win32.Build.0 = Release|Win32
		{B7D76603-59FD-459A-9765-0A65AC823695}.Release|x64.ActiveCfg = Release|x64
		{B7D76603-59FD-459A-9765-0A65AC823695}.Release|x64.Build.0 = Release|x64
		{B7D76603-59FD-459A-9765-0A65AC823695}.SingleImage|ARM.ActiveCfg = Debug|Win32
		{B7D76603-59FD-459A-9765-0A65AC823695}.SingleImage|Mixed Platforms.ActiveCfg = Release|Win32
		{B7D76603-59FD-459A-9765-0A65AC823695}.SingleImage|Mixed Platforms.Build.0 = Release|Win32
		{B7D76603-59FD-459A-9765-0A65AC823695}.SingleImage|Win32.ActiveCfg = Release|Win32
		{B7D76603-59FD-459A-9765-0A65AC823695}.SingleImage|Win32.Build.0 = Release|Win32
		{B7D76603-59FD-459A-9765-0A65AC823695}.SingleImage|x64.ActiveCfg = Release|x64
		{B7D76603-59FD-459A-9765-0A65AC823695}.SingleImage|x64.Build.0 = Release|x64
		{9680E52C-9E34-49AE-B179-1DBD31CF831F}.CD_ROM|ARM.ActiveCfg = Debug|Win32
		{9680E52C-9E34-49AE-B179-1DBD31CF831F}.CD_ROM|Mixed Platforms.ActiveCfg = Release|Win32
		{9680E52C-9E34-49AE-B179-1DBD31CF831F}.CD_ROM|Mixed Platforms.Build.0 = Release|Win32
		{9680E52C-9E34-49AE-B179-1DBD31CF831F}.CD_ROM|Win32.ActiveCfg = Release|Win32
		{9680E52C-9E34-49AE-B179-1DBD31CF831F}.CD_ROM|Win32.Build.0 = Release|Win32
		{9680E52C-9E34-49AE-B179-1DBD31CF831F}.CD_ROM|x64.ActiveCfg = Release|x64
		{9680E52C-9E34-49AE-B179-1DBD31CF831F}.CD_ROM|x64.Build.0 = Release|x64
		{9680E52C-9E34-49AE-B179-1DBD31CF831F}.Debug|ARM.ActiveCfg = Debug|Win32
		{9680E52C-9E34-49AE-B179-1DBD31CF831F}.Debug|Mixed Platforms.ActiveCfg = Debug|Win32
		{9680E52C-9E34-49AE-B179-1DBD31CF831F}.Debug|Mixed Platforms.Build.0 = Debug|Win32
		{9680E52C-9E34-49AE-B179-1DBD31CF831F}.Debug|Win32.ActiveCfg = Debug|Win32
		{9680E52C-9E34-49AE-B179-1DBD31CF831F}.Debug|Win32.Build.0 = Debug|Win32
		{9680E52C-9E34-49AE-B179-1DBD31CF831F}.Debug|x64.ActiveCfg = Debug|x64
		{9680E52C-9E34-49AE-B179-1DBD31CF831F}.Debug|x64.Build.0 = Debug|x64
		{9680E52C-9E34-49AE-B179-1DBD31CF831F}.DVD-5|ARM.ActiveCfg = Debug|Win32
		{9680E52C-9E34-49AE-B179-1DBD31CF831F}.DVD-5|Mixed Platforms.ActiveCfg = Debug|Win32
		{9680E52C-9E34-49AE-B179-1DBD31CF831F}.DVD-5|Mixed Platforms.Build.0 = Debug|Win32
		{9680E52C-9E34-49AE-B179-1DBD31CF831F}.DVD-5|Win32.ActiveCfg = Debug|Win32
		{9680E52C-9E34-49AE-B179-1DBD31CF831F}.DVD-5|Win32.Build.0 = Debug|Win32
		{9680E52C-9E34-49AE-B179-1DBD31CF831F}.DVD-5|x64.ActiveCfg = Debug|x64
		{9680E52C-9E34-49AE-B179-1DBD31CF831F}.DVD-5|x64.Build.0 = Debug|x64
		{9680E52C-9E34-49AE-B179-1DBD31CF831F}.Release|ARM.ActiveCfg = Release|Win32
		{9680E52C-9E34-49AE-B179-1DBD31CF831F}.Release|Mixed Platforms.ActiveCfg = Release|Win32
		{9680E52C-9E34-49AE-B179-1DBD31CF831F}.Release|Mixed Platforms.Build.0 = Release|Win32
		{9680E52C-9E34-49AE-B179-1DBD31CF831F}.Release|Win32.ActiveCfg = Release|Win32
		{9680E52C-9E34-49AE-B179-1DBD31CF831F}.Release|Win32.Build.0 = Release|Win32
		{9680E52C-9E34-49AE-B179-1DBD31CF831F}.Release|x64.ActiveCfg = Release|x64
		{9680E52C-9E34-49AE-B179-1DBD31CF831F}.Release|x64.Build.0 = Release|x64
		{9680E52C-9E34-49AE-B179-1DBD31CF831F}.SingleImage|ARM.ActiveCfg = Debug|Win32
		{9680E52C-9E34-49AE-B179-1DBD31CF831F}.SingleImage|Mixed Platforms.ActiveCfg = Release|Win32
		{9680E52C-9E34-49AE-B179-1DBD31CF831F}.SingleImage|Mixed Platforms.Build.0 = Release|Win32
		{9680E52C-9E34-49AE-B179-1DBD31CF831F}.SingleImage|Win32.ActiveCfg = Release|Win32
		{9680E52C-9E34-49AE-B179-1DBD31CF831F}.SingleImage|Win32.Build.0 = Release|Win32
		{9680E52C-9E34-49AE-B179-1DBD31CF831F}.SingleImage|x64.ActiveCfg = Release|x64
		{9680E52C-9E34-49AE-B179-1DBD31CF831F}.SingleImage|x64.Build.0 = Release|x64
	EndGlobalSection
	GlobalSection(SolutionProperties) = preSolution
		HideSolutionNode = FALSE
	EndGlobalSection
	GlobalSection(ExtensibilityGlobals) = postSolution
		VisualSVNWorkingCopyRoot = .
	EndGlobalSection
EndGlobal
